{
    "_readme": [
        "This file locks the dependencies of your project to a known state",
        "Read more about it at https://getcomposer.org/doc/01-basic-usage.md#installing-dependencies",
        "This file is @generated automatically"
    ],
    "content-hash": "859f214dde6d738a8353fc9b041ebfeb",
    "packages": [
        {
            "name": "beberlei/assert",
            "version": "v3.2.7",
            "source": {
                "type": "git",
                "url": "https://github.com/beberlei/assert.git",
                "reference": "d63a6943fc4fd1a2aedb65994e3548715105abcf"
            },
            "dist": {
                "type": "zip",
                "url": "https://api.github.com/repos/beberlei/assert/zipball/d63a6943fc4fd1a2aedb65994e3548715105abcf",
                "reference": "d63a6943fc4fd1a2aedb65994e3548715105abcf",
                "shasum": ""
            },
            "require": {
                "ext-ctype": "*",
                "ext-json": "*",
                "ext-mbstring": "*",
                "ext-simplexml": "*",
                "php": "^7"
            },
            "require-dev": {
                "friendsofphp/php-cs-fixer": "*",
                "phpstan/phpstan-shim": "*",
                "phpunit/phpunit": ">=6.0.0 <8"
            },
            "suggest": {
                "ext-intl": "Needed to allow Assertion::count(), Assertion::isCountable(), Assertion::minCount(), and Assertion::maxCount() to operate on ResourceBundles"
            },
            "type": "library",
            "autoload": {
                "psr-4": {
                    "Assert\\": "lib/Assert"
                },
                "files": [
                    "lib/Assert/functions.php"
                ]
            },
            "notification-url": "https://packagist.org/downloads/",
            "license": [
                "BSD-2-Clause"
            ],
            "authors": [
                {
                    "name": "Benjamin Eberlei",
                    "email": "kontakt@beberlei.de",
                    "role": "Lead Developer"
                },
                {
                    "name": "Richard Quadling",
                    "email": "rquadling@gmail.com",
                    "role": "Collaborator"
                }
            ],
            "description": "Thin assertion library for input validation in business models.",
            "keywords": [
                "assert",
                "assertion",
                "validation"
            ],
            "time": "2019-12-19T17:51:41+00:00"
        },
        {
            "name": "php-school/terminal",
            "version": "0.2.1",
            "source": {
                "type": "git",
                "url": "https://github.com/php-school/terminal.git",
                "reference": "725f86c7db996a4cf65648022f17e22391e97320"
            },
            "dist": {
                "type": "zip",
                "url": "https://api.github.com/repos/php-school/terminal/zipball/725f86c7db996a4cf65648022f17e22391e97320",
                "reference": "725f86c7db996a4cf65648022f17e22391e97320",
                "shasum": ""
            },
            "require": {
                "ext-posix": "*",
                "php": ">=7.1"
            },
            "require-dev": {
                "phpstan/phpstan": "^0.9.2",
                "phpunit/phpunit": "^7.1",
                "squizlabs/php_codesniffer": "^3.2"
            },
            "type": "library",
            "autoload": {
                "psr-4": {
                    "PhpSchool\\Terminal\\": "src"
                }
            },
            "notification-url": "https://packagist.org/downloads/",
            "license": [
                "MIT"
            ],
            "authors": [
                {
                    "name": "Michael Woodward",
                    "email": "mikeymike.mw@gmail.com"
                },
                {
                    "name": "Aydin Hassan",
                    "email": "aydin@hotmail.com"
                }
            ],
            "description": "A command line terminal utility in PHP",
            "keywords": [
                "cli",
                "console",
                "php-school",
                "phpschool",
                "terminal"
            ],
            "time": "2019-12-17T21:56:06+00:00"
        },
        {
            "name": "vladreshet/cli-menu",
            "version": "3.2.2",
            "source": {
                "type": "git",
                "url": "https://github.com/VladReshet/cli-menu.git",
                "reference": "4aa7b194535992dda07319c8ba8ea088da388c02"
            },
            "dist": {
                "type": "zip",
                "url": "https://api.github.com/repos/VladReshet/cli-menu/zipball/4aa7b194535992dda07319c8ba8ea088da388c02",
                "reference": "4aa7b194535992dda07319c8ba8ea088da388c02",
                "shasum": ""
            },
            "require": {
                "beberlei/assert": "^2.4 | ^3",
                "ext-posix": "*",
                "php": ">=7.1",
                "php-school/terminal": "^0.2.1"
            },
            "require-dev": {
                "phpstan/phpstan": "^0.12",
                "phpunit/phpunit": "^8.0",
                "squizlabs/php_codesniffer": "^3.2"
            },
            "type": "library",
            "autoload": {
                "psr-4": {
                    "PhpSchool\\CliMenu\\": "src"
                },
                "files": [
                    "src/Util/ArrayUtils.php"
                ]
            },
            "autoload-dev": {
                "psr-4": {
                    "PhpSchool\\CliMenuTest\\": "test/"
                }
            },
            "scripts": {
                "cs": [
                    "phpcs src --standard=PSR2",
                    "phpcs test --standard=PSR2"
                ],
                "static": [
                    "phpstan analyse src --level=7"
                ]
            },
            "license": [
                "MIT"
            ],
            "authors": [
                {
                    "name": "Michael Woodward",
                    "email": "mikeymike.mw@gmail.com"
                },
                {
                    "name": "Aydin Hassan",
                    "email": "aydin@hotmail.com"
                }
            ],
            "description": "A command line menu helper in PHP",
            "keywords": [
                "cli",
                "console",
                "menu",
                "php-school",
                "phpschool",
                "terminal"
            ],
            "support": {
                "source": "https://github.com/VladReshet/cli-menu/tree/3.2.2"
            },
            "time": "2020-01-30T09:37:43+00:00"
        }
    ],
    "packages-dev": [],
    "aliases": [],
    "minimum-stability": "stable",
    "stability-flags": [],
    "prefer-stable": false,
    "prefer-lowest": false,
    "platform": {
        "php": "^7.1"
    },
    "platform-dev": []
}
